
Microsoft Visual Studio Solution File, Format Version 12.00
# Visual Studio 2013
VisualStudioVersion = 12.0.30110.0
MinimumVisualStudioVersion = 10.0.40219.1
Project("{FAE04EC0-301F-11D3-BF4B-00C04F79EFBC}") = "VSGenero", "VSGenero\VSGenero.csproj", "{DCE2C1F9-34FB-4ED2-B9B0-354EBD3C7670}"
EndProject
Project("{FAE04EC0-301F-11D3-BF4B-00C04F79EFBC}") = "VSCommon", "VSCommon\VSCommon.csproj", "{F68C18BD-A5FE-4CF5-A06F-AD1A0A80C7FB}"
EndProject
Project("{FAE04EC0-301F-11D3-BF4B-00C04F79EFBC}") = "VSGeneroUnitTesting", "VSGeneroUnitTesting\VSGeneroUnitTesting.csproj", "{7C19A3FD-39FB-40E3-91E7-C63B70E19129}"
EndProject
Global
	GlobalSection(SolutionConfigurationPlatforms) = preSolution
		Debug|Any CPU = Debug|Any CPU
		Debug|Mixed Platforms = Debug|Mixed Platforms
		Debug|x86 = Debug|x86
		Release|Any CPU = Release|Any CPU
		Release|Mixed Platforms = Release|Mixed Platforms
		Release|x86 = Release|x86
	EndGlobalSection
	GlobalSection(ProjectConfigurationPlatforms) = postSolution
		{DCE2C1F9-34FB-4ED2-B9B0-354EBD3C7670}.Debug|Any CPU.ActiveCfg = Debug|Any CPU
		{DCE2C1F9-34FB-4ED2-B9B0-354EBD3C7670}.Debug|Any CPU.Build.0 = Debug|Any CPU
		{DCE2C1F9-34FB-4ED2-B9B0-354EBD3C7670}.Debug|Mixed Platforms.ActiveCfg = Debug|Any CPU
		{DCE2C1F9-34FB-4ED2-B9B0-354EBD3C7670}.Debug|Mixed Platforms.Build.0 = Debug|Any CPU
		{DCE2C1F9-34FB-4ED2-B9B0-354EBD3C7670}.Debug|x86.ActiveCfg = Debug|Any CPU
		{DCE2C1F9-34FB-4ED2-B9B0-354EBD3C7670}.Release|Any CPU.ActiveCfg = Release|Any CPU
		{DCE2C1F9-34FB-4ED2-B9B0-354EBD3C7670}.Release|Any CPU.Build.0 = Release|Any CPU
		{DCE2C1F9-34FB-4ED2-B9B0-354EBD3C7670}.Release|Mixed Platforms.ActiveCfg = Release|Any CPU
		{DCE2C1F9-34FB-4ED2-B9B0-354EBD3C7670}.Release|Mixed Platforms.Build.0 = Release|Any CPU
		{DCE2C1F9-34FB-4ED2-B9B0-354EBD3C7670}.Release|x86.ActiveCfg = Release|Any CPU
		{F68C18BD-A5FE-4CF5-A06F-AD1A0A80C7FB}.Debug|Any CPU.ActiveCfg = Debug|Any CPU
		{F68C18BD-A5FE-4CF5-A06F-AD1A0A80C7FB}.Debug|Any CPU.Build.0 = Debug|Any CPU
		{F68C18BD-A5FE-4CF5-A06F-AD1A0A80C7FB}.Debug|Mixed Platforms.ActiveCfg = Debug|Any CPU
		{F68C18BD-A5FE-4CF5-A06F-AD1A0A80C7FB}.Debug|Mixed Platforms.Build.0 = Debug|Any CPU
		{F68C18BD-A5FE-4CF5-A06F-AD1A0A80C7FB}.Debug|x86.ActiveCfg = Debug|Any CPU
		{F68C18BD-A5FE-4CF5-A06F-AD1A0A80C7FB}.Release|Any CPU.ActiveCfg = Release|Any CPU
		{F68C18BD-A5FE-4CF5-A06F-AD1A0A80C7FB}.Release|Any CPU.Build.0 = Release|Any CPU
		{F68C18BD-A5FE-4CF5-A06F-AD1A0A80C7FB}.Release|Mixed Platforms.ActiveCfg = Release|Any CPU
		{F68C18BD-A5FE-4CF5-A06F-AD1A0A80C7FB}.Release|Mixed Platforms.Build.0 = Release|Any CPU
		{F68C18BD-A5FE-4CF5-A06F-AD1A0A80C7FB}.Release|x86.ActiveCfg = Release|Any CPU
		{7C19A3FD-39FB-40E3-91E7-C63B70E19129}.Debug|Any CPU.ActiveCfg = Debug|Any CPU
		{7C19A3FD-39FB-40E3-91E7-C63B70E19129}.Debug|Any CPU.Build.0 = Debug|Any CPU
		{7C19A3FD-39FB-40E3-91E7-C63B70E19129}.Debug|Mixed Platforms.ActiveCfg = Debug|Any CPU
		{7C19A3FD-39FB-40E3-91E7-C63B70E19129}.Debug|Mixed Platforms.Build.0 = Debug|Any CPU
		{7C19A3FD-39FB-40E3-91E7-C63B70E19129}.Debug|x86.ActiveCfg = Debug|Any CPU
		{7C19A3FD-39FB-40E3-91E7-C63B70E19129}.Release|Any CPU.ActiveCfg = Release|Any CPU
		{7C19A3FD-39FB-40E3-91E7-C63B70E19129}.Release|Any CPU.Build.0 = Release|Any CPU
		{7C19A3FD-39FB-40E3-91E7-C63B70E19129}.Release|Mixed Platforms.ActiveCfg = Release|Any CPU
		{7C19A3FD-39FB-40E3-91E7-C63B70E19129}.Release|Mixed Platforms.Build.0 = Release|Any CPU
		{7C19A3FD-39FB-40E3-91E7-C63B70E19129}.Release|x86.ActiveCfg = Release|Any CPU
	EndGlobalSection
	GlobalSection(SolutionProperties) = preSolution
		HideSolutionNode = FALSE
	EndGlobalSection
	GlobalSection(TestCaseManagementSettings) = postSolution
		CategoryFile = VSGenero.vsmdi
	EndGlobalSection
EndGlobal
